
Microsoft Visual Studio Solution File, Format Version 12.00
# Visual Studio Version 16
VisualStudioVersion = 16.0.31729.503
MinimumVisualStudioVersion = 10.0.40219.1
Project("{FAE04EC0-301F-11D3-BF4B-00C04F79EFBC}") = "el-proyecte-grande", "el-proyecte-grande.csproj", "{CBC2A2C7-E69A-4A3C-97C9-49B6C34DC939}"
EndProject
Global
	GlobalSection(SolutionConfigurationPlatforms) = preSolution
		Debug|Any CPU = Debug|Any CPU
		Release|Any CPU = Release|Any CPU
	EndGlobalSection
	GlobalSection(ProjectConfigurationPlatforms) = postSolution
		{CBC2A2C7-E69A-4A3C-97C9-49B6C34DC939}.Debug|Any CPU.ActiveCfg = Debug|Any CPU
		{CBC2A2C7-E69A-4A3C-97C9-49B6C34DC939}.Debug|Any CPU.Build.0 = Debug|Any CPU
		{CBC2A2C7-E69A-4A3C-97C9-49B6C34DC939}.Release|Any CPU.ActiveCfg = Release|Any CPU
		{CBC2A2C7-E69A-4A3C-97C9-49B6C34DC939}.Release|Any CPU.Build.0 = Release|Any CPU
	EndGlobalSection
	GlobalSection(SolutionProperties) = preSolution
		HideSolutionNode = FALSE
	EndGlobalSection
	GlobalSection(ExtensibilityGlobals) = postSolution
		SolutionGuid = {084921C9-D294-44E6-9072-6F9A3B65ED66}
	EndGlobalSection
EndGlobal
