
Microsoft Visual Studio Solution File, Format Version 12.00
# Visual Studio Version 16
VisualStudioVersion = 16.0.31911.196
MinimumVisualStudioVersion = 10.0.40219.1
Project("{FAE04EC0-301F-11D3-BF4B-00C04F79EFBC}") = "El Proyecte Grande", "El Proyecte Grande.csproj", "{B75E6F5D-9E36-4EA7-B201-2082788EF1FD}"
EndProject
Global
	GlobalSection(SolutionConfigurationPlatforms) = preSolution
		Debug|Any CPU = Debug|Any CPU
		Release|Any CPU = Release|Any CPU
	EndGlobalSection
	GlobalSection(ProjectConfigurationPlatforms) = postSolution
		{B75E6F5D-9E36-4EA7-B201-2082788EF1FD}.Debug|Any CPU.ActiveCfg = Debug|Any CPU
		{B75E6F5D-9E36-4EA7-B201-2082788EF1FD}.Debug|Any CPU.Build.0 = Debug|Any CPU
		{B75E6F5D-9E36-4EA7-B201-2082788EF1FD}.Release|Any CPU.ActiveCfg = Release|Any CPU
		{B75E6F5D-9E36-4EA7-B201-2082788EF1FD}.Release|Any CPU.Build.0 = Release|Any CPU
	EndGlobalSection
	GlobalSection(SolutionProperties) = preSolution
		HideSolutionNode = FALSE
	EndGlobalSection
	GlobalSection(ExtensibilityGlobals) = postSolution
		SolutionGuid = {67378991-1915-49ED-869B-D80401442AD9}
	EndGlobalSection
EndGlobal
